// !$*UTF8*$!
{
	archiveVersion = 1;
	classes = {
	};
	objectVersion = 56;
	objects = {

/* Begin PBXBuildFile section */
		3903F28B29818A80003F2921 /* AppDelegate.swift in Sources */ = {isa = PBXBuildFile; fileRef = 3903F28A29818A80003F2921 /* AppDelegate.swift */; };
		3903F28D29818A80003F2921 /* SceneDelegate.swift in Sources */ = {isa = PBXBuildFile; fileRef = 3903F28C29818A80003F2921 /* SceneDelegate.swift */; };
		3903F28F29818A80003F2921 /* ViewController.swift in Sources */ = {isa = PBXBuildFile; fileRef = 3903F28E29818A80003F2921 /* ViewController.swift */; };
		3903F29229818A80003F2921 /* Main.storyboard in Resources */ = {isa = PBXBuildFile; fileRef = 3903F29029818A80003F2921 /* Main.storyboard */; };
		3903F29429818A81003F2921 /* Assets.xcassets in Resources */ = {isa = PBXBuildFile; fileRef = 3903F29329818A81003F2921 /* Assets.xcassets */; };
		3903F29729818A81003F2921 /* LaunchScreen.storyboard in Resources */ = {isa = PBXBuildFile; fileRef = 3903F29529818A81003F2921 /* LaunchScreen.storyboard */; };
		3926AC93298466D8004029CF /* MaxUI in Frameworks */ = {isa = PBXBuildFile; productRef = 3926AC92298466D8004029CF /* MaxUI */; };
		3926AC9629849950004029CF /* TextExampleViewController.swift in Sources */ = {isa = PBXBuildFile; fileRef = 3926AC9529849950004029CF /* TextExampleViewController.swift */; };
		3926ACA02986026F004029CF /* ButtonExampleViewController.swift in Sources */ = {isa = PBXBuildFile; fileRef = 3926AC9F2986026F004029CF /* ButtonExampleViewController.swift */; };
/* End PBXBuildFile section */

/* Begin PBXFileReference section */
		3903F28729818A80003F2921 /* MaxUIExample.app */ = {isa = PBXFileReference; explicitFileType = wrapper.application; includeInIndex = 0; path = MaxUIExample.app; sourceTree = BUILT_PRODUCTS_DIR; };
		3903F28A29818A80003F2921 /* AppDelegate.swift */ = {isa = PBXFileReference; lastKnownFileType = sourcecode.swift; path = AppDelegate.swift; sourceTree = "<group>"; };
		3903F28C29818A80003F2921 /* SceneDelegate.swift */ = {isa = PBXFileReference; lastKnownFileType = sourcecode.swift; path = SceneDelegate.swift; sourceTree = "<group>"; };
		3903F28E29818A80003F2921 /* ViewController.swift */ = {isa = PBXFileReference; lastKnownFileType = sourcecode.swift; path = ViewController.swift; sourceTree = "<group>"; };
		3903F29129818A80003F2921 /* Base */ = {isa = PBXFileReference; lastKnownFileType = file.storyboard; name = Base; path = Base.lproj/Main.storyboard; sourceTree = "<group>"; };
		3903F29329818A81003F2921 /* Assets.xcassets */ = {isa = PBXFileReference; lastKnownFileType = folder.assetcatalog; path = Assets.xcassets; sourceTree = "<group>"; };
		3903F29629818A81003F2921 /* Base */ = {isa = PBXFileReference; lastKnownFileType = file.storyboard; name = Base; path = Base.lproj/LaunchScreen.storyboard; sourceTree = "<group>"; };
		3903F29829818A81003F2921 /* Info.plist */ = {isa = PBXFileReference; lastKnownFileType = text.plist.xml; path = Info.plist; sourceTree = "<group>"; };
		3926AC902984664D004029CF /* MaxUI */ = {isa = PBXFileReference; lastKnownFileType = wrapper; name = MaxUI; path = ..; sourceTree = "<group>"; };
		3926AC9529849950004029CF /* TextExampleViewController.swift */ = {isa = PBXFileReference; lastKnownFileType = sourcecode.swift; path = TextExampleViewController.swift; sourceTree = "<group>"; };
		3926AC9F2986026F004029CF /* ButtonExampleViewController.swift */ = {isa = PBXFileReference; lastKnownFileType = sourcecode.swift; path = ButtonExampleViewController.swift; sourceTree = "<group>"; };
		395C9CFA298F419F0066C5D8 /* CollectionViewController.swift */ = {isa = PBXFileReference; lastKnownFileType = sourcecode.swift; path = CollectionViewController.swift; sourceTree = "<group>"; };
/* End PBXFileReference section */

/* Begin PBXFrameworksBuildPhase section */
		3903F28429818A80003F2921 /* Frameworks */ = {
			isa = PBXFrameworksBuildPhase;
			buildActionMask = 2147483647;
			files = (
				3926AC93298466D8004029CF /* MaxUI in Frameworks */,
			);
			runOnlyForDeploymentPostprocessing = 0;
		};
/* End PBXFrameworksBuildPhase section */

/* Begin PBXGroup section */
		3903F27E29818A80003F2921 = {
			isa = PBXGroup;
			children = (
				3926AC8F2984664D004029CF /* Packages */,
				3903F28929818A80003F2921 /* MaxUIExample */,
				3903F28829818A80003F2921 /* Products */,
				3926AC91298466D8004029CF /* Frameworks */,
			);
			sourceTree = "<group>";
		};
		3903F28829818A80003F2921 /* Products */ = {
			isa = PBXGroup;
			children = (
				3903F28729818A80003F2921 /* MaxUIExample.app */,
			);
			name = Products;
			sourceTree = "<group>";
		};
		3903F28929818A80003F2921 /* MaxUIExample */ = {
			isa = PBXGroup;
			children = (
				3926AC9429849923004029CF /* ExampleScreens */,
				3903F28A29818A80003F2921 /* AppDelegate.swift */,
				3903F28C29818A80003F2921 /* SceneDelegate.swift */,
				3903F28E29818A80003F2921 /* ViewController.swift */,
				3903F29029818A80003F2921 /* Main.storyboard */,
				3903F29329818A81003F2921 /* Assets.xcassets */,
				3903F29529818A81003F2921 /* LaunchScreen.storyboard */,
				3903F29829818A81003F2921 /* Info.plist */,
			);
			path = MaxUIExample;
			sourceTree = "<group>";
		};
		3926AC8F2984664D004029CF /* Packages */ = {
			isa = PBXGroup;
			children = (
				3926AC902984664D004029CF /* MaxUI */,
			);
			name = Packages;
			sourceTree = "<group>";
		};
		3926AC91298466D8004029CF /* Frameworks */ = {
			isa = PBXGroup;
			children = (
			);
			name = Frameworks;
			sourceTree = "<group>";
		};
		3926AC9429849923004029CF /* ExampleScreens */ = {
			isa = PBXGroup;
			children = (
				3926AC9529849950004029CF /* TextExampleViewController.swift */,
				3926AC9F2986026F004029CF /* ButtonExampleViewController.swift */,
				395C9CFA298F419F0066C5D8 /* CollectionViewController.swift */,
			);
			path = ExampleScreens;
			sourceTree = "<group>";
		};
/* End PBXGroup section */

/* Begin PBXNativeTarget section */
		3903F28629818A80003F2921 /* MaxUIExample */ = {
			isa = PBXNativeTarget;
			buildConfigurationList = 3903F29B29818A81003F2921 /* Build configuration list for PBXNativeTarget "MaxUIExample" */;
			buildPhases = (
				3903F28329818A80003F2921 /* Sources */,
				3903F28429818A80003F2921 /* Frameworks */,
				3903F28529818A80003F2921 /* Resources */,
			);
			buildRules = (
			);
			dependencies = (
			);
			name = MaxUIExample;
			packageProductDependencies = (
				3926AC92298466D8004029CF /* MaxUI */,
			);
			productName = MaxUIExample;
			productReference = 3903F28729818A80003F2921 /* MaxUIExample.app */;
			productType = "com.apple.product-type.application";
		};
/* End PBXNativeTarget section */

/* Begin PBXProject section */
		3903F27F29818A80003F2921 /* Project object */ = {
			isa = PBXProject;
			attributes = {
				BuildIndependentTargetsInParallel = 1;
				LastSwiftUpdateCheck = 1420;
				LastUpgradeCheck = 1420;
				TargetAttributes = {
					3903F28629818A80003F2921 = {
						CreatedOnToolsVersion = 14.2;
					};
				};
			};
			buildConfigurationList = 3903F28229818A80003F2921 /* Build configuration list for PBXProject "MaxUIExample" */;
			compatibilityVersion = "Xcode 14.0";
			developmentRegion = en;
			hasScannedForEncodings = 0;
			knownRegions = (
				en,
				Base,
			);
			mainGroup = 3903F27E29818A80003F2921;
			packageReferences = (
			);
			productRefGroup = 3903F28829818A80003F2921 /* Products */;
			projectDirPath = "";
			projectRoot = "";
			targets = (
				3903F28629818A80003F2921 /* MaxUIExample */,
			);
		};
/* End PBXProject section */

/* Begin PBXResourcesBuildPhase section */
		3903F28529818A80003F2921 /* Resources */ = {
			isa = PBXResourcesBuildPhase;
			buildActionMask = 2147483647;
			files = (
				3903F29729818A81003F2921 /* LaunchScreen.storyboard in Resources */,
				3903F29429818A81003F2921 /* Assets.xcassets in Resources */,
				3903F29229818A80003F2921 /* Main.storyboard in Resources */,
			);
			runOnlyForDeploymentPostprocessing = 0;
		};
/* End PBXResourcesBuildPhase section */

/* Begin PBXSourcesBuildPhase section */
		3903F28329818A80003F2921 /* Sources */ = {
			isa = PBXSourcesBuildPhase;
			buildActionMask = 2147483647;
			files = (
				3926ACA02986026F004029CF /* ButtonExampleViewController.swift in Sources */,
				3903F28F29818A80003F2921 /* ViewController.swift in Sources */,
				3926AC9629849950004029CF /* TextExampleViewController.swift in Sources */,
				3903F28B29818A80003F2921 /* AppDelegate.swift in Sources */,
				3903F28D29818A80003F2921 /* SceneDelegate.swift in Sources */,
			);
			runOnlyForDeploymentPostprocessing = 0;
		};
/* End PBXSourcesBuildPhase section */

/* Begin PBXVariantGroup section */
		3903F29029818A80003F2921 /* Main.storyboard */ = {
			isa = PBXVariantGroup;
			children = (
				3903F29129818A80003F2921 /* Base */,
			);
			name = Main.storyboard;
			sourceTree = "<group>";
		};
		3903F29529818A81003F2921 /* LaunchScreen.storyboard */ = {
			isa = PBXVariantGroup;
			children = (
				3903F29629818A81003F2921 /* Base */,
			);
			name = LaunchScreen.storyboard;
			sourceTree = "<group>";
		};
/* End PBXVariantGroup section */

/* Begin XCBuildConfiguration section */
		3903F29929818A81003F2921 /* Debug */ = {
			isa = XCBuildConfiguration;
			buildSettings = {
				ALWAYS_SEARCH_USER_PATHS = NO;
				CLANG_ANALYZER_NONNULL = YES;
				CLANG_ANALYZER_NUMBER_OBJECT_CONVERSION = YES_AGGRESSIVE;
				CLANG_CXX_LANGUAGE_STANDARD = "gnu++20";
				CLANG_ENABLE_MODULES = YES;
				CLANG_ENABLE_OBJC_ARC = YES;
				CLANG_ENABLE_OBJC_WEAK = YES;
				CLANG_WARN_BLOCK_CAPTURE_AUTORELEASING = YES;
				CLANG_WARN_BOOL_CONVERSION = YES;
				CLANG_WARN_COMMA = YES;
				CLANG_WARN_CONSTANT_CONVERSION = YES;
				CLANG_WARN_DEPRECATED_OBJC_IMPLEMENTATIONS = YES;
				CLANG_WARN_DIRECT_OBJC_ISA_USAGE = YES_ERROR;
				CLANG_WARN_DOCUMENTATION_COMMENTS = YES;
				CLANG_WARN_EMPTY_BODY = YES;
				CLANG_WARN_ENUM_CONVERSION = YES;
				CLANG_WARN_INFINITE_RECURSION = YES;
				CLANG_WARN_INT_CONVERSION = YES;
				CLANG_WARN_NON_LITERAL_NULL_CONVERSION = YES;
				CLANG_WARN_OBJC_IMPLICIT_RETAIN_SELF = YES;
				CLANG_WARN_OBJC_LITERAL_CONVERSION = YES;
				CLANG_WARN_OBJC_ROOT_CLASS = YES_ERROR;
				CLANG_WARN_QUOTED_INCLUDE_IN_FRAMEWORK_HEADER = YES;
				CLANG_WARN_RANGE_LOOP_ANALYSIS = YES;
				CLANG_WARN_STRICT_PROTOTYPES = YES;
				CLANG_WARN_SUSPICIOUS_MOVE = YES;
				CLANG_WARN_UNGUARDED_AVAILABILITY = YES_AGGRESSIVE;
				CLANG_WARN_UNREACHABLE_CODE = YES;
				CLANG_WARN__DUPLICATE_METHOD_MATCH = YES;
				COPY_PHASE_STRIP = NO;
				DEBUG_INFORMATION_FORMAT = dwarf;
				ENABLE_STRICT_OBJC_MSGSEND = YES;
				ENABLE_TESTABILITY = YES;
				GCC_C_LANGUAGE_STANDARD = gnu11;
				GCC_DYNAMIC_NO_PIC = NO;
				GCC_NO_COMMON_BLOCKS = YES;
				GCC_OPTIMIZATION_LEVEL = 0;
				GCC_PREPROCESSOR_DEFINITIONS = (
					"DEBUG=1",
					"$(inherited)",
				);
				GCC_WARN_64_TO_32_BIT_CONVERSION = YES;
				GCC_WARN_ABOUT_RETURN_TYPE = YES_ERROR;
				GCC_WARN_UNDECLARED_SELECTOR = YES;
				GCC_WARN_UNINITIALIZED_AUTOS = YES_AGGRESSIVE;
				GCC_WARN_UNUSED_FUNCTION = YES;
				GCC_WARN_UNUSED_VARIABLE = YES;
				IPHONEOS_DEPLOYMENT_TARGET = 16.2;
				MTL_ENABLE_DEBUG_INFO = INCLUDE_SOURCE;
				MTL_FAST_MATH = YES;
				ONLY_ACTIVE_ARCH = YES;
				SDKROOT = iphoneos;
				STRIP_STYLE = all;
				SWIFT_ACTIVE_COMPILATION_CONDITIONS = DEBUG;
				SWIFT_OPTIMIZATION_LEVEL = "-Onone";
			};
			name = Debug;
		};
		3903F29A29818A81003F2921 /* Release */ = {
			isa = XCBuildConfiguration;
			buildSettings = {
				ALWAYS_SEARCH_USER_PATHS = NO;
				CLANG_ANALYZER_NONNULL = YES;
				CLANG_ANALYZER_NUMBER_OBJECT_CONVERSION = YES_AGGRESSIVE;
				CLANG_CXX_LANGUAGE_STANDARD = "gnu++20";
				CLANG_ENABLE_MODULES = YES;
				CLANG_ENABLE_OBJC_ARC = YES;
				CLANG_ENABLE_OBJC_WEAK = YES;
				CLANG_WARN_BLOCK_CAPTURE_AUTORELEASING = YES;
				CLANG_WARN_BOOL_CONVERSION = YES;
				CLANG_WARN_COMMA = YES;
				CLANG_WARN_CONSTANT_CONVERSION = YES;
				CLANG_WARN_DEPRECATED_OBJC_IMPLEMENTATIONS = YES;
				CLANG_WARN_DIRECT_OBJC_ISA_USAGE = YES_ERROR;
				CLANG_WARN_DOCUMENTATION_COMMENTS = YES;
				CLANG_WARN_EMPTY_BODY = YES;
				CLANG_WARN_ENUM_CONVERSION = YES;
				CLANG_WARN_INFINITE_RECURSION = YES;
				CLANG_WARN_INT_CONVERSION = YES;
				CLANG_WARN_NON_LITERAL_NULL_CONVERSION = YES;
				CLANG_WARN_OBJC_IMPLICIT_RETAIN_SELF = YES;
				CLANG_WARN_OBJC_LITERAL_CONVERSION = YES;
				CLANG_WARN_OBJC_ROOT_CLASS = YES_ERROR;
				CLANG_WARN_QUOTED_INCLUDE_IN_FRAMEWORK_HEADER = YES;
				CLANG_WARN_RANGE_LOOP_ANALYSIS = YES;
				CLANG_WARN_STRICT_PROTOTYPES = YES;
				CLANG_WARN_SUSPICIOUS_MOVE = YES;
				CLANG_WARN_UNGUARDED_AVAILABILITY = YES_AGGRESSIVE;
				CLANG_WARN_UNREACHABLE_CODE = YES;
				CLANG_WARN__DUPLICATE_METHOD_MATCH = YES;
				COPY_PHASE_STRIP = NO;
				DEBUG_INFORMATION_FORMAT = "dwarf-with-dsym";
				ENABLE_NS_ASSERTIONS = NO;
				ENABLE_STRICT_OBJC_MSGSEND = YES;
				GCC_C_LANGUAGE_STANDARD = gnu11;
				GCC_NO_COMMON_BLOCKS = YES;
				GCC_WARN_64_TO_32_BIT_CONVERSION = YES;
				GCC_WARN_ABOUT_RETURN_TYPE = YES_ERROR;
				GCC_WARN_UNDECLARED_SELECTOR = YES;
				GCC_WARN_UNINITIALIZED_AUTOS = YES_AGGRESSIVE;
				GCC_WARN_UNUSED_FUNCTION = YES;
				GCC_WARN_UNUSED_VARIABLE = YES;
				IPHONEOS_DEPLOYMENT_TARGET = 16.2;
				MTL_ENABLE_DEBUG_INFO = NO;
				MTL_FAST_MATH = YES;
				SDKROOT = iphoneos;
				STRIP_STYLE = all;
				SWIFT_COMPILATION_MODE = wholemodule;
				SWIFT_OPTIMIZATION_LEVEL = "-O";
				VALIDATE_PRODUCT = YES;
			};
			name = Release;
		};
		3903F29C29818A81003F2921 /* Debug */ = {
			isa = XCBuildConfiguration;
			buildSettings = {
				ASSETCATALOG_COMPILER_APPICON_NAME = AppIcon;
				ASSETCATALOG_COMPILER_GLOBAL_ACCENT_COLOR_NAME = AccentColor;
				CODE_SIGN_STYLE = Automatic;
				CURRENT_PROJECT_VERSION = 1;
				DEVELOPMENT_TEAM = DX48S76K53;
				GENERATE_INFOPLIST_FILE = YES;
				INFOPLIST_FILE = MaxUIExample/Info.plist;
				INFOPLIST_KEY_UIApplicationSupportsIndirectInputEvents = YES;
				INFOPLIST_KEY_UILaunchStoryboardName = LaunchScreen;
				INFOPLIST_KEY_UIMainStoryboardFile = Main;
				INFOPLIST_KEY_UISupportedInterfaceOrientations_iPad = "UIInterfaceOrientationPortrait UIInterfaceOrientationPortraitUpsideDown UIInterfaceOrientationLandscapeLeft UIInterfaceOrientationLandscapeRight";
				INFOPLIST_KEY_UISupportedInterfaceOrientations_iPhone = "UIInterfaceOrientationPortrait UIInterfaceOrientationLandscapeLeft UIInterfaceOrientationLandscapeRight";
				IPHONEOS_DEPLOYMENT_TARGET = 15.0;
				LD_RUNPATH_SEARCH_PATHS = (
					"$(inherited)",
					"@executable_path/Frameworks",
				);
				MARKETING_VERSION = 1.0;
				PRODUCT_BUNDLE_IDENTIFIER = horoko.MaxUIExample;
				PRODUCT_NAME = "$(TARGET_NAME)";
				SWIFT_COMPILATION_MODE = singlefile;
				SWIFT_EMIT_LOC_STRINGS = YES;
				SWIFT_VERSION = 5.0;
				TARGETED_DEVICE_FAMILY = "1,2";
			};
			name = Debug;
		};
		3903F29D29818A81003F2921 /* Release */ = {
			isa = XCBuildConfiguration;
			buildSettings = {
				ASSETCATALOG_COMPILER_APPICON_NAME = AppIcon;
				ASSETCATALOG_COMPILER_GLOBAL_ACCENT_COLOR_NAME = AccentColor;
				CODE_SIGN_STYLE = Automatic;
				CURRENT_PROJECT_VERSION = 1;
				DEVELOPMENT_TEAM = DX48S76K53;
				GENERATE_INFOPLIST_FILE = YES;
				INFOPLIST_FILE = MaxUIExample/Info.plist;
				INFOPLIST_KEY_UIApplicationSupportsIndirectInputEvents = YES;
				INFOPLIST_KEY_UILaunchStoryboardName = LaunchScreen;
				INFOPLIST_KEY_UIMainStoryboardFile = Main;
				INFOPLIST_KEY_UISupportedInterfaceOrientations_iPad = "UIInterfaceOrientationPortrait UIInterfaceOrientationPortraitUpsideDown UIInterfaceOrientationLandscapeLeft UIInterfaceOrientationLandscapeRight";
				INFOPLIST_KEY_UISupportedInterfaceOrientations_iPhone = "UIInterfaceOrientationPortrait UIInterfaceOrientationLandscapeLeft UIInterfaceOrientationLandscapeRight";
				IPHONEOS_DEPLOYMENT_TARGET = 15.0;
				LD_RUNPATH_SEARCH_PATHS = (
					"$(inherited)",
					"@executable_path/Frameworks",
				);
				MARKETING_VERSION = 1.0;
				PRODUCT_BUNDLE_IDENTIFIER = horoko.MaxUIExample;
				PRODUCT_NAME = "$(TARGET_NAME)";
				SWIFT_COMPILATION_MODE = wholemodule;
				SWIFT_EMIT_LOC_STRINGS = YES;
				SWIFT_VERSION = 5.0;
				TARGETED_DEVICE_FAMILY = "1,2";
			};
			name = Release;
		};
/* End XCBuildConfiguration section */

/* Begin XCConfigurationList section */
		3903F28229818A80003F2921 /* Build configuration list for PBXProject "MaxUIExample" */ = {
			isa = XCConfigurationList;
			buildConfigurations = (
				3903F29929818A81003F2921 /* Debug */,
				3903F29A29818A81003F2921 /* Release */,
			);
			defaultConfigurationIsVisible = 0;
			defaultConfigurationName = Release;
		};
		3903F29B29818A81003F2921 /* Build configuration list for PBXNativeTarget "MaxUIExample" */ = {
			isa = XCConfigurationList;
			buildConfigurations = (
				3903F29C29818A81003F2921 /* Debug */,
				3903F29D29818A81003F2921 /* Release */,
			);
			defaultConfigurationIsVisible = 0;
			defaultConfigurationName = Release;
		};
/* End XCConfigurationList section */

/* Begin XCSwiftPackageProductDependency section */
		3926AC92298466D8004029CF /* MaxUI */ = {
			isa = XCSwiftPackageProductDependency;
			productName = MaxUI;
		};
/* End XCSwiftPackageProductDependency section */
	};
	rootObject = 3903F27F29818A80003F2921 /* Project object */;
}
